github.com/gorilla/mux v1.7.4 h1:VuZ8uybHlWmqV03+zRzdwKL4tUnIp1MAQtp1mIFE1bc=
github.com/gorilla/mux v1.7.4/go.mod h1:DVbg23sWSpFRCP0SfiEN6jmj59UnW/n46BH5rLB71So=
github.com/miRemid/amy v0.1.0 h1:Hm4m1E1nrqGpQr5IZTW2t1fb4QkrtVxMPAdRTh0UL3Q=
github.com/miRemid/amy v0.1.0/go.mod h1:dR/y1HAA3hJwX5RGqTYPDSQlCjxj7vxG16ZbvVwnivs=
